
Microsoft Visual Studio Solution File, Format Version 12.00
# Visual Studio Version 16
VisualStudioVersion = 16.0.29709.97
MinimumVisualStudioVersion = 10.0.40219.1
Project("{FAE04EC0-301F-11D3-BF4B-00C04F79EFBC}") = "pr2_ur2", "pr2_ur2.csproj", "{B57E3430-DA4C-4F22-BA91-F160EAA60443}"
EndProject
Global
	GlobalSection(SolutionConfigurationPlatforms) = preSolution
		Debug|Any CPU = Debug|Any CPU
		Release|Any CPU = Release|Any CPU
	EndGlobalSection
	GlobalSection(ProjectConfigurationPlatforms) = postSolution
		{B57E3430-DA4C-4F22-BA91-F160EAA60443}.Debug|Any CPU.ActiveCfg = Debug|Any CPU
		{B57E3430-DA4C-4F22-BA91-F160EAA60443}.Debug|Any CPU.Build.0 = Debug|Any CPU
		{B57E3430-DA4C-4F22-BA91-F160EAA60443}.Release|Any CPU.ActiveCfg = Release|Any CPU
		{B57E3430-DA4C-4F22-BA91-F160EAA60443}.Release|Any CPU.Build.0 = Release|Any CPU
	EndGlobalSection
	GlobalSection(SolutionProperties) = preSolution
		HideSolutionNode = FALSE
	EndGlobalSection
	GlobalSection(ExtensibilityGlobals) = postSolution
		SolutionGuid = {416A6C32-F16D-4D5B-A5B2-23F26B1BCB28}
	EndGlobalSection
EndGlobal
